
Microsoft Visual Studio Solution File, Format Version 12.00
# Visual Studio Version 16
VisualStudioVersion = 16.0.30225.117
MinimumVisualStudioVersion = 10.0.40219.1
Project("{FAE04EC0-301F-11D3-BF4B-00C04F79EFBC}") = "YTThumbnailDownloader", "YTThumbnailDownloader\YTThumbnailDownloader.csproj", "{22BB1B3F-3396-4605-87D7-95E6CBC7F393}"
EndProject
Global
	GlobalSection(SolutionConfigurationPlatforms) = preSolution
		Debug|Any CPU = Debug|Any CPU
		Release|Any CPU = Release|Any CPU
	EndGlobalSection
	GlobalSection(ProjectConfigurationPlatforms) = postSolution
		{22BB1B3F-3396-4605-87D7-95E6CBC7F393}.Debug|Any CPU.ActiveCfg = Debug|Any CPU
		{22BB1B3F-3396-4605-87D7-95E6CBC7F393}.Debug|Any CPU.Build.0 = Debug|Any CPU
		{22BB1B3F-3396-4605-87D7-95E6CBC7F393}.Release|Any CPU.ActiveCfg = Release|Any CPU
		{22BB1B3F-3396-4605-87D7-95E6CBC7F393}.Release|Any CPU.Build.0 = Release|Any CPU
	EndGlobalSection
	GlobalSection(SolutionProperties) = preSolution
		HideSolutionNode = FALSE
	EndGlobalSection
	GlobalSection(ExtensibilityGlobals) = postSolution
		SolutionGuid = {D5DBDEF0-A249-4659-9FED-19C90AF8114A}
	EndGlobalSection
EndGlobal
